
Microsoft Visual Studio Solution File, Format Version 12.00
# Visual Studio 15
VisualStudioVersion = 15.0.28010.2048
MinimumVisualStudioVersion = 10.0.40219.1
Project("{FAE04EC0-301F-11D3-BF4B-00C04F79EFBC}") = "09_PP_Masiv_Demo", "09_PP_Masiv_Demo\09_PP_Masiv_Demo.csproj", "{948882DE-E6EF-4ACC-BF86-F5256BE5ABF6}"
EndProject
Project("{FAE04EC0-301F-11D3-BF4B-00C04F79EFBC}") = "09_PP_Masiv_zad1", "09_PP_Masiv_zad1\09_PP_Masiv_zad1.csproj", "{E0037EDB-9AC5-4A3B-8E88-5CD7DABEEFD0}"
EndProject
Project("{FAE04EC0-301F-11D3-BF4B-00C04F79EFBC}") = "Masivi_Vhod_Na_Edin_Red", "Masivi_Vhod_Na_Edin_Red\Masivi_Vhod_Na_Edin_Red.csproj", "{E7685EF2-65F9-4971-9106-754BEC070261}"
EndProject
Project("{FAE04EC0-301F-11D3-BF4B-00C04F79EFBC}") = "10_PP_Zad2_Reverse", "10_PP_Zad2_Reverse\10_PP_Zad2_Reverse.csproj", "{BE028BBA-8F12-4549-8D02-0C5A064EBD3F}"
EndProject
Global
	GlobalSection(SolutionConfigurationPlatforms) = preSolution
		Debug|Any CPU = Debug|Any CPU
		Release|Any CPU = Release|Any CPU
	EndGlobalSection
	GlobalSection(ProjectConfigurationPlatforms) = postSolution
		{948882DE-E6EF-4ACC-BF86-F5256BE5ABF6}.Debug|Any CPU.ActiveCfg = Debug|Any CPU
		{948882DE-E6EF-4ACC-BF86-F5256BE5ABF6}.Debug|Any CPU.Build.0 = Debug|Any CPU
		{948882DE-E6EF-4ACC-BF86-F5256BE5ABF6}.Release|Any CPU.ActiveCfg = Release|Any CPU
		{948882DE-E6EF-4ACC-BF86-F5256BE5ABF6}.Release|Any CPU.Build.0 = Release|Any CPU
		{E0037EDB-9AC5-4A3B-8E88-5CD7DABEEFD0}.Debug|Any CPU.ActiveCfg = Debug|Any CPU
		{E0037EDB-9AC5-4A3B-8E88-5CD7DABEEFD0}.Debug|Any CPU.Build.0 = Debug|Any CPU
		{E0037EDB-9AC5-4A3B-8E88-5CD7DABEEFD0}.Release|Any CPU.ActiveCfg = Release|Any CPU
		{E0037EDB-9AC5-4A3B-8E88-5CD7DABEEFD0}.Release|Any CPU.Build.0 = Release|Any CPU
		{E7685EF2-65F9-4971-9106-754BEC070261}.Debug|Any CPU.ActiveCfg = Debug|Any CPU
		{E7685EF2-65F9-4971-9106-754BEC070261}.Debug|Any CPU.Build.0 = Debug|Any CPU
		{E7685EF2-65F9-4971-9106-754BEC070261}.Release|Any CPU.ActiveCfg = Release|Any CPU
		{E7685EF2-65F9-4971-9106-754BEC070261}.Release|Any CPU.Build.0 = Release|Any CPU
		{BE028BBA-8F12-4549-8D02-0C5A064EBD3F}.Debug|Any CPU.ActiveCfg = Debug|Any CPU
		{BE028BBA-8F12-4549-8D02-0C5A064EBD3F}.Debug|Any CPU.Build.0 = Debug|Any CPU
		{BE028BBA-8F12-4549-8D02-0C5A064EBD3F}.Release|Any CPU.ActiveCfg = Release|Any CPU
		{BE028BBA-8F12-4549-8D02-0C5A064EBD3F}.Release|Any CPU.Build.0 = Release|Any CPU
	EndGlobalSection
	GlobalSection(SolutionProperties) = preSolution
		HideSolutionNode = FALSE
	EndGlobalSection
	GlobalSection(ExtensibilityGlobals) = postSolution
		SolutionGuid = {42DB67C5-F6C0-4C1A-859B-49B840190370}
	EndGlobalSection
EndGlobal
