
Microsoft Visual Studio Solution File, Format Version 12.00
# Visual Studio 15
VisualStudioVersion = 15.0.28010.2048
MinimumVisualStudioVersion = 10.0.40219.1
Project("{FAE04EC0-301F-11D3-BF4B-00C04F79EFBC}") = "09_PP_Masiv_Demo", "09_PP_Masiv_Demo\09_PP_Masiv_Demo.csproj", "{948882DE-E6EF-4ACC-BF86-F5256BE5ABF6}"
EndProject
Project("{FAE04EC0-301F-11D3-BF4B-00C04F79EFBC}") = "09_PP_Masiv_zad1", "09_PP_Masiv_zad1\09_PP_Masiv_zad1.csproj", "{E0037EDB-9AC5-4A3B-8E88-5CD7DABEEFD0}"
EndProject
Project("{FAE04EC0-301F-11D3-BF4B-00C04F79EFBC}") = "Masivi_Vhod_Na_Edin_Red", "Masivi_Vhod_Na_Edin_Red\Masivi_Vhod_Na_Edin_Red.csproj", "{E7685EF2-65F9-4971-9106-754BEC070261}"
EndProject
Project("{FAE04EC0-301F-11D3-BF4B-00C04F79EFBC}") = "10_PP_Zad2_Reverse", "10_PP_Zad2_Reverse\10_PP_Zad2_Reverse.csproj", "{BE028BBA-8F12-4549-8D02-0C5A064EBD3F}"
EndProject
Project("{FAE04EC0-301F-11D3-BF4B-00C04F79EFBC}") = "10_Word_Zad1", "10_Word_Zad1\10_Word_Zad1.csproj", "{9895044F-7F58-415E-81FA-3F5B3E1C1C1D}"
EndProject
Project("{FAE04EC0-301F-11D3-BF4B-00C04F79EFBC}") = "10_Word_Zad3", "10_Word_Zad3\10_Word_Zad3.csproj", "{81A1CEA3-B9AA-4F5F-B6F5-E9095C8555FE}"
EndProject
Project("{FAE04EC0-301F-11D3-BF4B-00C04F79EFBC}") = "Zad", "Zad\Zad.csproj", "{91569D69-1281-4610-A3F7-D369C2BC9704}"
EndProject
Project("{FAE04EC0-301F-11D3-BF4B-00C04F79EFBC}") = "Masivi_Sort_Reverse", "Masivi_Sort_Reverse\Masivi_Sort_Reverse.csproj", "{605E6F8B-32D9-41B6-82B1-ADD01527C966}"
EndProject
Project("{FAE04EC0-301F-11D3-BF4B-00C04F79EFBC}") = "Mnogomeren_Masiv", "Mnogomeren_Masiv\Mnogomeren_Masiv.csproj", "{315B96B4-0B89-4A51-A4EE-60086E15F6AA}"
EndProject
Global
	GlobalSection(SolutionConfigurationPlatforms) = preSolution
		Debug|Any CPU = Debug|Any CPU
		Release|Any CPU = Release|Any CPU
	EndGlobalSection
	GlobalSection(ProjectConfigurationPlatforms) = postSolution
		{948882DE-E6EF-4ACC-BF86-F5256BE5ABF6}.Debug|Any CPU.ActiveCfg = Debug|Any CPU
		{948882DE-E6EF-4ACC-BF86-F5256BE5ABF6}.Debug|Any CPU.Build.0 = Debug|Any CPU
		{948882DE-E6EF-4ACC-BF86-F5256BE5ABF6}.Release|Any CPU.ActiveCfg = Release|Any CPU
		{948882DE-E6EF-4ACC-BF86-F5256BE5ABF6}.Release|Any CPU.Build.0 = Release|Any CPU
		{E0037EDB-9AC5-4A3B-8E88-5CD7DABEEFD0}.Debug|Any CPU.ActiveCfg = Debug|Any CPU
		{E0037EDB-9AC5-4A3B-8E88-5CD7DABEEFD0}.Debug|Any CPU.Build.0 = Debug|Any CPU
		{E0037EDB-9AC5-4A3B-8E88-5CD7DABEEFD0}.Release|Any CPU.ActiveCfg = Release|Any CPU
		{E0037EDB-9AC5-4A3B-8E88-5CD7DABEEFD0}.Release|Any CPU.Build.0 = Release|Any CPU
		{E7685EF2-65F9-4971-9106-754BEC070261}.Debug|Any CPU.ActiveCfg = Debug|Any CPU
		{E7685EF2-65F9-4971-9106-754BEC070261}.Debug|Any CPU.Build.0 = Debug|Any CPU
		{E7685EF2-65F9-4971-9106-754BEC070261}.Release|Any CPU.ActiveCfg = Release|Any CPU
		{E7685EF2-65F9-4971-9106-754BEC070261}.Release|Any CPU.Build.0 = Release|Any CPU
		{BE028BBA-8F12-4549-8D02-0C5A064EBD3F}.Debug|Any CPU.ActiveCfg = Debug|Any CPU
		{BE028BBA-8F12-4549-8D02-0C5A064EBD3F}.Debug|Any CPU.Build.0 = Debug|Any CPU
		{BE028BBA-8F12-4549-8D02-0C5A064EBD3F}.Release|Any CPU.ActiveCfg = Release|Any CPU
		{BE028BBA-8F12-4549-8D02-0C5A064EBD3F}.Release|Any CPU.Build.0 = Release|Any CPU
		{9895044F-7F58-415E-81FA-3F5B3E1C1C1D}.Debug|Any CPU.ActiveCfg = Debug|Any CPU
		{9895044F-7F58-415E-81FA-3F5B3E1C1C1D}.Debug|Any CPU.Build.0 = Debug|Any CPU
		{9895044F-7F58-415E-81FA-3F5B3E1C1C1D}.Release|Any CPU.ActiveCfg = Release|Any CPU
		{9895044F-7F58-415E-81FA-3F5B3E1C1C1D}.Release|Any CPU.Build.0 = Release|Any CPU
		{81A1CEA3-B9AA-4F5F-B6F5-E9095C8555FE}.Debug|Any CPU.ActiveCfg = Debug|Any CPU
		{81A1CEA3-B9AA-4F5F-B6F5-E9095C8555FE}.Debug|Any CPU.Build.0 = Debug|Any CPU
		{81A1CEA3-B9AA-4F5F-B6F5-E9095C8555FE}.Release|Any CPU.ActiveCfg = Release|Any CPU
		{81A1CEA3-B9AA-4F5F-B6F5-E9095C8555FE}.Release|Any CPU.Build.0 = Release|Any CPU
		{91569D69-1281-4610-A3F7-D369C2BC9704}.Debug|Any CPU.ActiveCfg = Debug|Any CPU
		{91569D69-1281-4610-A3F7-D369C2BC9704}.Debug|Any CPU.Build.0 = Debug|Any CPU
		{91569D69-1281-4610-A3F7-D369C2BC9704}.Release|Any CPU.ActiveCfg = Release|Any CPU
		{91569D69-1281-4610-A3F7-D369C2BC9704}.Release|Any CPU.Build.0 = Release|Any CPU
		{605E6F8B-32D9-41B6-82B1-ADD01527C966}.Debug|Any CPU.ActiveCfg = Debug|Any CPU
		{605E6F8B-32D9-41B6-82B1-ADD01527C966}.Debug|Any CPU.Build.0 = Debug|Any CPU
		{605E6F8B-32D9-41B6-82B1-ADD01527C966}.Release|Any CPU.ActiveCfg = Release|Any CPU
		{605E6F8B-32D9-41B6-82B1-ADD01527C966}.Release|Any CPU.Build.0 = Release|Any CPU
		{315B96B4-0B89-4A51-A4EE-60086E15F6AA}.Debug|Any CPU.ActiveCfg = Debug|Any CPU
		{315B96B4-0B89-4A51-A4EE-60086E15F6AA}.Debug|Any CPU.Build.0 = Debug|Any CPU
		{315B96B4-0B89-4A51-A4EE-60086E15F6AA}.Release|Any CPU.ActiveCfg = Release|Any CPU
		{315B96B4-0B89-4A51-A4EE-60086E15F6AA}.Release|Any CPU.Build.0 = Release|Any CPU
	EndGlobalSection
	GlobalSection(SolutionProperties) = preSolution
		HideSolutionNode = FALSE
	EndGlobalSection
	GlobalSection(ExtensibilityGlobals) = postSolution
		SolutionGuid = {42DB67C5-F6C0-4C1A-859B-49B840190370}
	EndGlobalSection
EndGlobal
